
Microsoft Visual Studio Solution File, Format Version 12.00
# Visual Studio Version 17
VisualStudioVersion = 17.0.31912.275
MinimumVisualStudioVersion = 10.0.40219.1
Project("{9A19103F-16F7-4668-BE54-9A1E7A4F7556}") = "NativoPlus.BlazorRCL", "NativoPlus.BlazorRCL\NativoPlus.BlazorRCL.csproj", "{99C1190C-AE14-4A0D-9CBD-A77E20CC6E2B}"
EndProject
Project("{9A19103F-16F7-4668-BE54-9A1E7A4F7556}") = "NativoPlus.BlazorApp", "NativoPlus.BlazorApp\NativoPlus.BlazorApp.csproj", "{16F2C9F0-EAFD-47CF-974E-636EF4F17AAD}"
EndProject
Global
	GlobalSection(SolutionConfigurationPlatforms) = preSolution
		Debug|Any CPU = Debug|Any CPU
		Release|Any CPU = Release|Any CPU
	EndGlobalSection
	GlobalSection(ProjectConfigurationPlatforms) = postSolution
		{99C1190C-AE14-4A0D-9CBD-A77E20CC6E2B}.Debug|Any CPU.ActiveCfg = Debug|Any CPU
		{99C1190C-AE14-4A0D-9CBD-A77E20CC6E2B}.Debug|Any CPU.Build.0 = Debug|Any CPU
		{99C1190C-AE14-4A0D-9CBD-A77E20CC6E2B}.Release|Any CPU.ActiveCfg = Release|Any CPU
		{99C1190C-AE14-4A0D-9CBD-A77E20CC6E2B}.Release|Any CPU.Build.0 = Release|Any CPU
		{16F2C9F0-EAFD-47CF-974E-636EF4F17AAD}.Debug|Any CPU.ActiveCfg = Debug|Any CPU
		{16F2C9F0-EAFD-47CF-974E-636EF4F17AAD}.Debug|Any CPU.Build.0 = Debug|Any CPU
		{16F2C9F0-EAFD-47CF-974E-636EF4F17AAD}.Release|Any CPU.ActiveCfg = Release|Any CPU
		{16F2C9F0-EAFD-47CF-974E-636EF4F17AAD}.Release|Any CPU.Build.0 = Release|Any CPU
	EndGlobalSection
	GlobalSection(SolutionProperties) = preSolution
		HideSolutionNode = FALSE
	EndGlobalSection
	GlobalSection(ExtensibilityGlobals) = postSolution
		SolutionGuid = {6EDA0FB8-D1AD-4A28-BB5E-EABE04995427}
	EndGlobalSection
EndGlobal
